
Microsoft Visual Studio Solution File, Format Version 12.00
# Visual Studio Version 16
VisualStudioVersion = 16.0.32602.291
MinimumVisualStudioVersion = 10.0.40219.1
Project("{8BC9CEB8-8B4A-11D0-8D11-00A0C91BC942}") = "profanities", "profanities.vcxproj", "{061D8987-8DCA-4382-B093-64A57702C30F}"
EndProject
Global
	GlobalSection(SolutionConfigurationPlatforms) = preSolution
		Debug|x64 = Debug|x64
		Debug|x86 = Debug|x86
		Release|x64 = Release|x64
		Release|x86 = Release|x86
	EndGlobalSection
	GlobalSection(ProjectConfigurationPlatforms) = postSolution
		{061D8987-8DCA-4382-B093-64A57702C30F}.Debug|x64.ActiveCfg = Debug|x64
		{061D8987-8DCA-4382-B093-64A57702C30F}.Debug|x64.Build.0 = Debug|x64
		{061D8987-8DCA-4382-B093-64A57702C30F}.Debug|x86.ActiveCfg = Debug|Win32
		{061D8987-8DCA-4382-B093-64A57702C30F}.Debug|x86.Build.0 = Debug|Win32
		{061D8987-8DCA-4382-B093-64A57702C30F}.Release|x64.ActiveCfg = Release|x64
		{061D8987-8DCA-4382-B093-64A57702C30F}.Release|x64.Build.0 = Release|x64
		{061D8987-8DCA-4382-B093-64A57702C30F}.Release|x86.ActiveCfg = Release|Win32
		{061D8987-8DCA-4382-B093-64A57702C30F}.Release|x86.Build.0 = Release|Win32
	EndGlobalSection
	GlobalSection(SolutionProperties) = preSolution
		HideSolutionNode = FALSE
	EndGlobalSection
	GlobalSection(ExtensibilityGlobals) = postSolution
		SolutionGuid = {4C8E8024-BCCC-426F-81A3-6A58D2BC3DEA}
	EndGlobalSection
EndGlobal
